// !$*UTF8*$!
{
	archiveVersion = 1;
	classes = {
	};
	objectVersion = 55;
	objects = {

/* Begin PBXBuildFile section */
		12AA85D028CE3949000B47C0 /* Theme.swift in Sources */ = {isa = PBXBuildFile; fileRef = 12AA85CF28CE3949000B47C0 /* Theme.swift */; };
		12AA85D228CE3DA2000B47C0 /* Assets.xcassets in Resources */ = {isa = PBXBuildFile; fileRef = 12AA85D128CE3DA2000B47C0 /* Assets.xcassets */; };
		12AA85D428CE3DFB000B47C0 /* DailyScrum.swift in Sources */ = {isa = PBXBuildFile; fileRef = 12AA85D328CE3DFB000B47C0 /* DailyScrum.swift */; };
		12AA85D628CE8963000B47C0 /* CardView.swift in Sources */ = {isa = PBXBuildFile; fileRef = 12AA85D528CE8963000B47C0 /* CardView.swift */; };
		12AA85D828CF625E000B47C0 /* TrailingIconLabelStyle.swift in Sources */ = {isa = PBXBuildFile; fileRef = 12AA85D728CF625E000B47C0 /* TrailingIconLabelStyle.swift */; };
		12AA85DA28CF6670000B47C0 /* ScrumsView.swift in Sources */ = {isa = PBXBuildFile; fileRef = 12AA85D928CF6670000B47C0 /* ScrumsView.swift */; };
		12AA85DC28D0B98C000B47C0 /* DetailView.swift in Sources */ = {isa = PBXBuildFile; fileRef = 12AA85DB28D0B98C000B47C0 /* DetailView.swift */; };
		12DDB1D828D1382F004583E9 /* Attendee.swift in Sources */ = {isa = PBXBuildFile; fileRef = 12DDB1D728D1382F004583E9 /* Attendee.swift */; };
		12EDF84128CB774B007C8091 /* ScrumdingerApp.swift in Sources */ = {isa = PBXBuildFile; fileRef = 12EDF84028CB774B007C8091 /* ScrumdingerApp.swift */; };
		12EDF84328CB774B007C8091 /* MeetingView.swift in Sources */ = {isa = PBXBuildFile; fileRef = 12EDF84228CB774B007C8091 /* MeetingView.swift */; };
		12EDF84828CB774E007C8091 /* Preview Assets.xcassets in Resources */ = {isa = PBXBuildFile; fileRef = 12EDF84728CB774E007C8091 /* Preview Assets.xcassets */; };
		12EDF85228CB774E007C8091 /* ScrumdingerTests.swift in Sources */ = {isa = PBXBuildFile; fileRef = 12EDF85128CB774E007C8091 /* ScrumdingerTests.swift */; };
		12EDF85C28CB774E007C8091 /* ScrumdingerUITests.swift in Sources */ = {isa = PBXBuildFile; fileRef = 12EDF85B28CB774E007C8091 /* ScrumdingerUITests.swift */; };
		12EDF85E28CB774E007C8091 /* ScrumdingerUITestsLaunchTests.swift in Sources */ = {isa = PBXBuildFile; fileRef = 12EDF85D28CB774E007C8091 /* ScrumdingerUITestsLaunchTests.swift */; };
/* End PBXBuildFile section */

/* Begin PBXContainerItemProxy section */
		12EDF84E28CB774E007C8091 /* PBXContainerItemProxy */ = {
			isa = PBXContainerItemProxy;
			containerPortal = 12EDF83528CB774B007C8091 /* Project object */;
			proxyType = 1;
			remoteGlobalIDString = 12EDF83C28CB774B007C8091;
			remoteInfo = Scrumdinger;
		};
		12EDF85828CB774E007C8091 /* PBXContainerItemProxy */ = {
			isa = PBXContainerItemProxy;
			containerPortal = 12EDF83528CB774B007C8091 /* Project object */;
			proxyType = 1;
			remoteGlobalIDString = 12EDF83C28CB774B007C8091;
			remoteInfo = Scrumdinger;
		};
/* End PBXContainerItemProxy section */

/* Begin PBXFileReference section */
		12AA85CF28CE3949000B47C0 /* Theme.swift */ = {isa = PBXFileReference; lastKnownFileType = sourcecode.swift; path = Theme.swift; sourceTree = "<group>"; };
		12AA85D128CE3DA2000B47C0 /* Assets.xcassets */ = {isa = PBXFileReference; lastKnownFileType = folder.assetcatalog; name = Assets.xcassets; path = ../../02_CreatingACardView/StartingProject/Scrumdinger/Assets.xcassets; sourceTree = "<group>"; };
		12AA85D328CE3DFB000B47C0 /* DailyScrum.swift */ = {isa = PBXFileReference; lastKnownFileType = sourcecode.swift; path = DailyScrum.swift; sourceTree = "<group>"; };
		12AA85D528CE8963000B47C0 /* CardView.swift */ = {isa = PBXFileReference; lastKnownFileType = sourcecode.swift; path = CardView.swift; sourceTree = "<group>"; };
		12AA85D728CF625E000B47C0 /* TrailingIconLabelStyle.swift */ = {isa = PBXFileReference; lastKnownFileType = sourcecode.swift; path = TrailingIconLabelStyle.swift; sourceTree = "<group>"; };
		12AA85D928CF6670000B47C0 /* ScrumsView.swift */ = {isa = PBXFileReference; lastKnownFileType = sourcecode.swift; path = ScrumsView.swift; sourceTree = "<group>"; };
		12AA85DB28D0B98C000B47C0 /* DetailView.swift */ = {isa = PBXFileReference; lastKnownFileType = sourcecode.swift; path = DetailView.swift; sourceTree = "<group>"; };
		12DDB1D728D1382F004583E9 /* Attendee.swift */ = {isa = PBXFileReference; lastKnownFileType = sourcecode.swift; path = Attendee.swift; sourceTree = "<group>"; };
		12EDF83D28CB774B007C8091 /* Scrumdinger.app */ = {isa = PBXFileReference; explicitFileType = wrapper.application; includeInIndex = 0; path = Scrumdinger.app; sourceTree = BUILT_PRODUCTS_DIR; };
		12EDF84028CB774B007C8091 /* ScrumdingerApp.swift */ = {isa = PBXFileReference; lastKnownFileType = sourcecode.swift; path = ScrumdingerApp.swift; sourceTree = "<group>"; };
		12EDF84228CB774B007C8091 /* MeetingView.swift */ = {isa = PBXFileReference; lastKnownFileType = sourcecode.swift; path = MeetingView.swift; sourceTree = "<group>"; };
		12EDF84728CB774E007C8091 /* Preview Assets.xcassets */ = {isa = PBXFileReference; lastKnownFileType = folder.assetcatalog; path = "Preview Assets.xcassets"; sourceTree = "<group>"; };
		12EDF84D28CB774E007C8091 /* ScrumdingerTests.xctest */ = {isa = PBXFileReference; explicitFileType = wrapper.cfbundle; includeInIndex = 0; path = ScrumdingerTests.xctest; sourceTree = BUILT_PRODUCTS_DIR; };
		12EDF85128CB774E007C8091 /* ScrumdingerTests.swift */ = {isa = PBXFileReference; lastKnownFileType = sourcecode.swift; path = ScrumdingerTests.swift; sourceTree = "<group>"; };
		12EDF85728CB774E007C8091 /* ScrumdingerUITests.xctest */ = {isa = PBXFileReference; explicitFileType = wrapper.cfbundle; includeInIndex = 0; path = ScrumdingerUITests.xctest; sourceTree = BUILT_PRODUCTS_DIR; };
		12EDF85B28CB774E007C8091 /* ScrumdingerUITests.swift */ = {isa = PBXFileReference; lastKnownFileType = sourcecode.swift; path = ScrumdingerUITests.swift; sourceTree = "<group>"; };
		12EDF85D28CB774E007C8091 /* ScrumdingerUITestsLaunchTests.swift */ = {isa = PBXFileReference; lastKnownFileType = sourcecode.swift; path = ScrumdingerUITestsLaunchTests.swift; sourceTree = "<group>"; };
/* End PBXFileReference section */

/* Begin PBXFrameworksBuildPhase section */
		12EDF83A28CB774B007C8091 /* Frameworks */ = {
			isa = PBXFrameworksBuildPhase;
			buildActionMask = 2147483647;
			files = (
			);
			runOnlyForDeploymentPostprocessing = 0;
		};
		12EDF84A28CB774E007C8091 /* Frameworks */ = {
			isa = PBXFrameworksBuildPhase;
			buildActionMask = 2147483647;
			files = (
			);
			runOnlyForDeploymentPostprocessing = 0;
		};
		12EDF85428CB774E007C8091 /* Frameworks */ = {
			isa = PBXFrameworksBuildPhase;
			buildActionMask = 2147483647;
			files = (
			);
			runOnlyForDeploymentPostprocessing = 0;
		};
/* End PBXFrameworksBuildPhase section */

/* Begin PBXGroup section */
		12AA85CE28CE392E000B47C0 /* Models */ = {
			isa = PBXGroup;
			children = (
				12AA85CF28CE3949000B47C0 /* Theme.swift */,
				12AA85D328CE3DFB000B47C0 /* DailyScrum.swift */,
				12DDB1D728D1382F004583E9 /* Attendee.swift */,
			);
			path = Models;
			sourceTree = "<group>";
		};
		12EDF83428CB774B007C8091 = {
			isa = PBXGroup;
			children = (
				12EDF83F28CB774B007C8091 /* Scrumdinger */,
				12EDF85028CB774E007C8091 /* ScrumdingerTests */,
				12EDF85A28CB774E007C8091 /* ScrumdingerUITests */,
				12EDF83E28CB774B007C8091 /* Products */,
			);
			sourceTree = "<group>";
		};
		12EDF83E28CB774B007C8091 /* Products */ = {
			isa = PBXGroup;
			children = (
				12EDF83D28CB774B007C8091 /* Scrumdinger.app */,
				12EDF84D28CB774E007C8091 /* ScrumdingerTests.xctest */,
				12EDF85728CB774E007C8091 /* ScrumdingerUITests.xctest */,
			);
			name = Products;
			sourceTree = "<group>";
		};
		12EDF83F28CB774B007C8091 /* Scrumdinger */ = {
			isa = PBXGroup;
			children = (
				12AA85CE28CE392E000B47C0 /* Models */,
				12EDF84028CB774B007C8091 /* ScrumdingerApp.swift */,
				12EDF84228CB774B007C8091 /* MeetingView.swift */,
				12AA85D128CE3DA2000B47C0 /* Assets.xcassets */,
				12EDF84628CB774E007C8091 /* Preview Content */,
				12AA85D528CE8963000B47C0 /* CardView.swift */,
				12AA85D728CF625E000B47C0 /* TrailingIconLabelStyle.swift */,
				12AA85D928CF6670000B47C0 /* ScrumsView.swift */,
				12AA85DB28D0B98C000B47C0 /* DetailView.swift */,
			);
			path = Scrumdinger;
			sourceTree = "<group>";
		};
		12EDF84628CB774E007C8091 /* Preview Content */ = {
			isa = PBXGroup;
			children = (
				12EDF84728CB774E007C8091 /* Preview Assets.xcassets */,
			);
			path = "Preview Content";
			sourceTree = "<group>";
		};
		12EDF85028CB774E007C8091 /* ScrumdingerTests */ = {
			isa = PBXGroup;
			children = (
				12EDF85128CB774E007C8091 /* ScrumdingerTests.swift */,
			);
			path = ScrumdingerTests;
			sourceTree = "<group>";
		};
		12EDF85A28CB774E007C8091 /* ScrumdingerUITests */ = {
			isa = PBXGroup;
			children = (
				12EDF85B28CB774E007C8091 /* ScrumdingerUITests.swift */,
				12EDF85D28CB774E007C8091 /* ScrumdingerUITestsLaunchTests.swift */,
			);
			path = ScrumdingerUITests;
			sourceTree = "<group>";
		};
/* End PBXGroup section */

/* Begin PBXNativeTarget section */
		12EDF83C28CB774B007C8091 /* Scrumdinger */ = {
			isa = PBXNativeTarget;
			buildConfigurationList = 12EDF86128CB774E007C8091 /* Build configuration list for PBXNativeTarget "Scrumdinger" */;
			buildPhases = (
				12EDF83928CB774B007C8091 /* Sources */,
				12EDF83A28CB774B007C8091 /* Frameworks */,
				12EDF83B28CB774B007C8091 /* Resources */,
			);
			buildRules = (
			);
			dependencies = (
			);
			name = Scrumdinger;
			productName = Scrumdinger;
			productReference = 12EDF83D28CB774B007C8091 /* Scrumdinger.app */;
			productType = "com.apple.product-type.application";
		};
		12EDF84C28CB774E007C8091 /* ScrumdingerTests */ = {
			isa = PBXNativeTarget;
			buildConfigurationList = 12EDF86428CB774E007C8091 /* Build configuration list for PBXNativeTarget "ScrumdingerTests" */;
			buildPhases = (
				12EDF84928CB774E007C8091 /* Sources */,
				12EDF84A28CB774E007C8091 /* Frameworks */,
				12EDF84B28CB774E007C8091 /* Resources */,
			);
			buildRules = (
			);
			dependencies = (
				12EDF84F28CB774E007C8091 /* PBXTargetDependency */,
			);
			name = ScrumdingerTests;
			productName = ScrumdingerTests;
			productReference = 12EDF84D28CB774E007C8091 /* ScrumdingerTests.xctest */;
			productType = "com.apple.product-type.bundle.unit-test";
		};
		12EDF85628CB774E007C8091 /* ScrumdingerUITests */ = {
			isa = PBXNativeTarget;
			buildConfigurationList = 12EDF86728CB774E007C8091 /* Build configuration list for PBXNativeTarget "ScrumdingerUITests" */;
			buildPhases = (
				12EDF85328CB774E007C8091 /* Sources */,
				12EDF85428CB774E007C8091 /* Frameworks */,
				12EDF85528CB774E007C8091 /* Resources */,
			);
			buildRules = (
			);
			dependencies = (
				12EDF85928CB774E007C8091 /* PBXTargetDependency */,
			);
			name = ScrumdingerUITests;
			productName = ScrumdingerUITests;
			productReference = 12EDF85728CB774E007C8091 /* ScrumdingerUITests.xctest */;
			productType = "com.apple.product-type.bundle.ui-testing";
		};
/* End PBXNativeTarget section */

/* Begin PBXProject section */
		12EDF83528CB774B007C8091 /* Project object */ = {
			isa = PBXProject;
			attributes = {
				BuildIndependentTargetsInParallel = 1;
				LastSwiftUpdateCheck = 1340;
				LastUpgradeCheck = 1340;
				TargetAttributes = {
					12EDF83C28CB774B007C8091 = {
						CreatedOnToolsVersion = 13.4.1;
					};
					12EDF84C28CB774E007C8091 = {
						CreatedOnToolsVersion = 13.4.1;
						TestTargetID = 12EDF83C28CB774B007C8091;
					};
					12EDF85628CB774E007C8091 = {
						CreatedOnToolsVersion = 13.4.1;
						TestTargetID = 12EDF83C28CB774B007C8091;
					};
				};
			};
			buildConfigurationList = 12EDF83828CB774B007C8091 /* Build configuration list for PBXProject "Scrumdinger" */;
			compatibilityVersion = "Xcode 13.0";
			developmentRegion = en;
			hasScannedForEncodings = 0;
			knownRegions = (
				en,
				Base,
			);
			mainGroup = 12EDF83428CB774B007C8091;
			productRefGroup = 12EDF83E28CB774B007C8091 /* Products */;
			projectDirPath = "";
			projectRoot = "";
			targets = (
				12EDF83C28CB774B007C8091 /* Scrumdinger */,
				12EDF84C28CB774E007C8091 /* ScrumdingerTests */,
				12EDF85628CB774E007C8091 /* ScrumdingerUITests */,
			);
		};
/* End PBXProject section */

/* Begin PBXResourcesBuildPhase section */
		12EDF83B28CB774B007C8091 /* Resources */ = {
			isa = PBXResourcesBuildPhase;
			buildActionMask = 2147483647;
			files = (
				12EDF84828CB774E007C8091 /* Preview Assets.xcassets in Resources */,
				12AA85D228CE3DA2000B47C0 /* Assets.xcassets in Resources */,
			);
			runOnlyForDeploymentPostprocessing = 0;
		};
		12EDF84B28CB774E007C8091 /* Resources */ = {
			isa = PBXResourcesBuildPhase;
			buildActionMask = 2147483647;
			files = (
			);
			runOnlyForDeploymentPostprocessing = 0;
		};
		12EDF85528CB774E007C8091 /* Resources */ = {
			isa = PBXResourcesBuildPhase;
			buildActionMask = 2147483647;
			files = (
			);
			runOnlyForDeploymentPostprocessing = 0;
		};
/* End PBXResourcesBuildPhase section */

/* Begin PBXSourcesBuildPhase section */
		12EDF83928CB774B007C8091 /* Sources */ = {
			isa = PBXSourcesBuildPhase;
			buildActionMask = 2147483647;
			files = (
				12AA85D428CE3DFB000B47C0 /* DailyScrum.swift in Sources */,
				12AA85D828CF625E000B47C0 /* TrailingIconLabelStyle.swift in Sources */,
				12AA85D028CE3949000B47C0 /* Theme.swift in Sources */,
				12EDF84328CB774B007C8091 /* MeetingView.swift in Sources */,
				12AA85DA28CF6670000B47C0 /* ScrumsView.swift in Sources */,
				12EDF84128CB774B007C8091 /* ScrumdingerApp.swift in Sources */,
				12DDB1D828D1382F004583E9 /* Attendee.swift in Sources */,
				12AA85D628CE8963000B47C0 /* CardView.swift in Sources */,
				12AA85DC28D0B98C000B47C0 /* DetailView.swift in Sources */,
			);
			runOnlyForDeploymentPostprocessing = 0;
		};
		12EDF84928CB774E007C8091 /* Sources */ = {
			isa = PBXSourcesBuildPhase;
			buildActionMask = 2147483647;
			files = (
				12EDF85228CB774E007C8091 /* ScrumdingerTests.swift in Sources */,
			);
			runOnlyForDeploymentPostprocessing = 0;
		};
		12EDF85328CB774E007C8091 /* Sources */ = {
			isa = PBXSourcesBuildPhase;
			buildActionMask = 2147483647;
			files = (
				12EDF85E28CB774E007C8091 /* ScrumdingerUITestsLaunchTests.swift in Sources */,
				12EDF85C28CB774E007C8091 /* ScrumdingerUITests.swift in Sources */,
			);
			runOnlyForDeploymentPostprocessing = 0;
		};
/* End PBXSourcesBuildPhase section */

/* Begin PBXTargetDependency section */
		12EDF84F28CB774E007C8091 /* PBXTargetDependency */ = {
			isa = PBXTargetDependency;
			target = 12EDF83C28CB774B007C8091 /* Scrumdinger */;
			targetProxy = 12EDF84E28CB774E007C8091 /* PBXContainerItemProxy */;
		};
		12EDF85928CB774E007C8091 /* PBXTargetDependency */ = {
			isa = PBXTargetDependency;
			target = 12EDF83C28CB774B007C8091 /* Scrumdinger */;
			targetProxy = 12EDF85828CB774E007C8091 /* PBXContainerItemProxy */;
		};
/* End PBXTargetDependency section */

/* Begin XCBuildConfiguration section */
		12EDF85F28CB774E007C8091 /* Debug */ = {
			isa = XCBuildConfiguration;
			buildSettings = {
				ALWAYS_SEARCH_USER_PATHS = NO;
				CLANG_ANALYZER_NONNULL = YES;
				CLANG_ANALYZER_NUMBER_OBJECT_CONVERSION = YES_AGGRESSIVE;
				CLANG_CXX_LANGUAGE_STANDARD = "gnu++17";
				CLANG_ENABLE_MODULES = YES;
				CLANG_ENABLE_OBJC_ARC = YES;
				CLANG_ENABLE_OBJC_WEAK = YES;
				CLANG_WARN_BLOCK_CAPTURE_AUTORELEASING = YES;
				CLANG_WARN_BOOL_CONVERSION = YES;
				CLANG_WARN_COMMA = YES;
				CLANG_WARN_CONSTANT_CONVERSION = YES;
				CLANG_WARN_DEPRECATED_OBJC_IMPLEMENTATIONS = YES;
				CLANG_WARN_DIRECT_OBJC_ISA_USAGE = YES_ERROR;
				CLANG_WARN_DOCUMENTATION_COMMENTS = YES;
				CLANG_WARN_EMPTY_BODY = YES;
				CLANG_WARN_ENUM_CONVERSION = YES;
				CLANG_WARN_INFINITE_RECURSION = YES;
				CLANG_WARN_INT_CONVERSION = YES;
				CLANG_WARN_NON_LITERAL_NULL_CONVERSION = YES;
				CLANG_WARN_OBJC_IMPLICIT_RETAIN_SELF = YES;
				CLANG_WARN_OBJC_LITERAL_CONVERSION = YES;
				CLANG_WARN_OBJC_ROOT_CLASS = YES_ERROR;
				CLANG_WARN_QUOTED_INCLUDE_IN_FRAMEWORK_HEADER = YES;
				CLANG_WARN_RANGE_LOOP_ANALYSIS = YES;
				CLANG_WARN_STRICT_PROTOTYPES = YES;
				CLANG_WARN_SUSPICIOUS_MOVE = YES;
				CLANG_WARN_UNGUARDED_AVAILABILITY = YES_AGGRESSIVE;
				CLANG_WARN_UNREACHABLE_CODE = YES;
				CLANG_WARN__DUPLICATE_METHOD_MATCH = YES;
				COPY_PHASE_STRIP = NO;
				DEBUG_INFORMATION_FORMAT = dwarf;
				ENABLE_STRICT_OBJC_MSGSEND = YES;
				ENABLE_TESTABILITY = YES;
				GCC_C_LANGUAGE_STANDARD = gnu11;
				GCC_DYNAMIC_NO_PIC = NO;
				GCC_NO_COMMON_BLOCKS = YES;
				GCC_OPTIMIZATION_LEVEL = 0;
				GCC_PREPROCESSOR_DEFINITIONS = (
					"DEBUG=1",
					"$(inherited)",
				);
				GCC_WARN_64_TO_32_BIT_CONVERSION = YES;
				GCC_WARN_ABOUT_RETURN_TYPE = YES_ERROR;
				GCC_WARN_UNDECLARED_SELECTOR = YES;
				GCC_WARN_UNINITIALIZED_AUTOS = YES_AGGRESSIVE;
				GCC_WARN_UNUSED_FUNCTION = YES;
				GCC_WARN_UNUSED_VARIABLE = YES;
				IPHONEOS_DEPLOYMENT_TARGET = 15.5;
				MTL_ENABLE_DEBUG_INFO = INCLUDE_SOURCE;
				MTL_FAST_MATH = YES;
				ONLY_ACTIVE_ARCH = YES;
				SDKROOT = iphoneos;
				SWIFT_ACTIVE_COMPILATION_CONDITIONS = DEBUG;
				SWIFT_OPTIMIZATION_LEVEL = "-Onone";
			};
			name = Debug;
		};
		12EDF86028CB774E007C8091 /* Release */ = {
			isa = XCBuildConfiguration;
			buildSettings = {
				ALWAYS_SEARCH_USER_PATHS = NO;
				CLANG_ANALYZER_NONNULL = YES;
				CLANG_ANALYZER_NUMBER_OBJECT_CONVERSION = YES_AGGRESSIVE;
				CLANG_CXX_LANGUAGE_STANDARD = "gnu++17";
				CLANG_ENABLE_MODULES = YES;
				CLANG_ENABLE_OBJC_ARC = YES;
				CLANG_ENABLE_OBJC_WEAK = YES;
				CLANG_WARN_BLOCK_CAPTURE_AUTORELEASING = YES;
				CLANG_WARN_BOOL_CONVERSION = YES;
				CLANG_WARN_COMMA = YES;
				CLANG_WARN_CONSTANT_CONVERSION = YES;
				CLANG_WARN_DEPRECATED_OBJC_IMPLEMENTATIONS = YES;
				CLANG_WARN_DIRECT_OBJC_ISA_USAGE = YES_ERROR;
				CLANG_WARN_DOCUMENTATION_COMMENTS = YES;
				CLANG_WARN_EMPTY_BODY = YES;
				CLANG_WARN_ENUM_CONVERSION = YES;
				CLANG_WARN_INFINITE_RECURSION = YES;
				CLANG_WARN_INT_CONVERSION = YES;
				CLANG_WARN_NON_LITERAL_NULL_CONVERSION = YES;
				CLANG_WARN_OBJC_IMPLICIT_RETAIN_SELF = YES;
				CLANG_WARN_OBJC_LITERAL_CONVERSION = YES;
				CLANG_WARN_OBJC_ROOT_CLASS = YES_ERROR;
				CLANG_WARN_QUOTED_INCLUDE_IN_FRAMEWORK_HEADER = YES;
				CLANG_WARN_RANGE_LOOP_ANALYSIS = YES;
				CLANG_WARN_STRICT_PROTOTYPES = YES;
				CLANG_WARN_SUSPICIOUS_MOVE = YES;
				CLANG_WARN_UNGUARDED_AVAILABILITY = YES_AGGRESSIVE;
				CLANG_WARN_UNREACHABLE_CODE = YES;
				CLANG_WARN__DUPLICATE_METHOD_MATCH = YES;
				COPY_PHASE_STRIP = NO;
				DEBUG_INFORMATION_FORMAT = "dwarf-with-dsym";
				ENABLE_NS_ASSERTIONS = NO;
				ENABLE_STRICT_OBJC_MSGSEND = YES;
				GCC_C_LANGUAGE_STANDARD = gnu11;
				GCC_NO_COMMON_BLOCKS = YES;
				GCC_WARN_64_TO_32_BIT_CONVERSION = YES;
				GCC_WARN_ABOUT_RETURN_TYPE = YES_ERROR;
				GCC_WARN_UNDECLARED_SELECTOR = YES;
				GCC_WARN_UNINITIALIZED_AUTOS = YES_AGGRESSIVE;
				GCC_WARN_UNUSED_FUNCTION = YES;
				GCC_WARN_UNUSED_VARIABLE = YES;
				IPHONEOS_DEPLOYMENT_TARGET = 15.5;
				MTL_ENABLE_DEBUG_INFO = NO;
				MTL_FAST_MATH = YES;
				SDKROOT = iphoneos;
				SWIFT_COMPILATION_MODE = wholemodule;
				SWIFT_OPTIMIZATION_LEVEL = "-O";
				VALIDATE_PRODUCT = YES;
			};
			name = Release;
		};
		12EDF86228CB774E007C8091 /* Debug */ = {
			isa = XCBuildConfiguration;
			buildSettings = {
				ASSETCATALOG_COMPILER_APPICON_NAME = AppIcon;
				ASSETCATALOG_COMPILER_GLOBAL_ACCENT_COLOR_NAME = AccentColor;
				CODE_SIGN_STYLE = Automatic;
				CURRENT_PROJECT_VERSION = 1;
				DEVELOPMENT_ASSET_PATHS = "\"Scrumdinger/Preview Content\"";
				ENABLE_PREVIEWS = YES;
				GENERATE_INFOPLIST_FILE = YES;
				INFOPLIST_KEY_UIApplicationSceneManifest_Generation = YES;
				INFOPLIST_KEY_UIApplicationSupportsIndirectInputEvents = YES;
				INFOPLIST_KEY_UILaunchScreen_Generation = YES;
				INFOPLIST_KEY_UISupportedInterfaceOrientations_iPad = "UIInterfaceOrientationPortrait UIInterfaceOrientationPortraitUpsideDown UIInterfaceOrientationLandscapeLeft UIInterfaceOrientationLandscapeRight";
				INFOPLIST_KEY_UISupportedInterfaceOrientations_iPhone = "UIInterfaceOrientationPortrait UIInterfaceOrientationLandscapeLeft UIInterfaceOrientationLandscapeRight";
				LD_RUNPATH_SEARCH_PATHS = (
					"$(inherited)",
					"@executable_path/Frameworks",
				);
				MARKETING_VERSION = 1.0;
				PRODUCT_BUNDLE_IDENTIFIER = "com.workman-tech.Scrumdinger";
				PRODUCT_NAME = "$(TARGET_NAME)";
				SWIFT_EMIT_LOC_STRINGS = YES;
				SWIFT_VERSION = 5.0;
				TARGETED_DEVICE_FAMILY = "1,2";
			};
			name = Debug;
		};
		12EDF86328CB774E007C8091 /* Release */ = {
			isa = XCBuildConfiguration;
			buildSettings = {
				ASSETCATALOG_COMPILER_APPICON_NAME = AppIcon;
				ASSETCATALOG_COMPILER_GLOBAL_ACCENT_COLOR_NAME = AccentColor;
				CODE_SIGN_STYLE = Automatic;
				CURRENT_PROJECT_VERSION = 1;
				DEVELOPMENT_ASSET_PATHS = "\"Scrumdinger/Preview Content\"";
				ENABLE_PREVIEWS = YES;
				GENERATE_INFOPLIST_FILE = YES;
				INFOPLIST_KEY_UIApplicationSceneManifest_Generation = YES;
				INFOPLIST_KEY_UIApplicationSupportsIndirectInputEvents = YES;
				INFOPLIST_KEY_UILaunchScreen_Generation = YES;
				INFOPLIST_KEY_UISupportedInterfaceOrientations_iPad = "UIInterfaceOrientationPortrait UIInterfaceOrientationPortraitUpsideDown UIInterfaceOrientationLandscapeLeft UIInterfaceOrientationLandscapeRight";
				INFOPLIST_KEY_UISupportedInterfaceOrientations_iPhone = "UIInterfaceOrientationPortrait UIInterfaceOrientationLandscapeLeft UIInterfaceOrientationLandscapeRight";
				LD_RUNPATH_SEARCH_PATHS = (
					"$(inherited)",
					"@executable_path/Frameworks",
				);
				MARKETING_VERSION = 1.0;
				PRODUCT_BUNDLE_IDENTIFIER = "com.workman-tech.Scrumdinger";
				PRODUCT_NAME = "$(TARGET_NAME)";
				SWIFT_EMIT_LOC_STRINGS = YES;
				SWIFT_VERSION = 5.0;
				TARGETED_DEVICE_FAMILY = "1,2";
			};
			name = Release;
		};
		12EDF86528CB774E007C8091 /* Debug */ = {
			isa = XCBuildConfiguration;
			buildSettings = {
				ALWAYS_EMBED_SWIFT_STANDARD_LIBRARIES = YES;
				BUNDLE_LOADER = "$(TEST_HOST)";
				CODE_SIGN_STYLE = Automatic;
				CURRENT_PROJECT_VERSION = 1;
				GENERATE_INFOPLIST_FILE = YES;
				IPHONEOS_DEPLOYMENT_TARGET = 15.5;
				MARKETING_VERSION = 1.0;
				PRODUCT_BUNDLE_IDENTIFIER = "com.workman-tech.ScrumdingerTests";
				PRODUCT_NAME = "$(TARGET_NAME)";
				SWIFT_EMIT_LOC_STRINGS = NO;
				SWIFT_VERSION = 5.0;
				TARGETED_DEVICE_FAMILY = "1,2";
				TEST_HOST = "$(BUILT_PRODUCTS_DIR)/Scrumdinger.app/Scrumdinger";
			};
			name = Debug;
		};
		12EDF86628CB774E007C8091 /* Release */ = {
			isa = XCBuildConfiguration;
			buildSettings = {
				ALWAYS_EMBED_SWIFT_STANDARD_LIBRARIES = YES;
				BUNDLE_LOADER = "$(TEST_HOST)";
				CODE_SIGN_STYLE = Automatic;
				CURRENT_PROJECT_VERSION = 1;
				GENERATE_INFOPLIST_FILE = YES;
				IPHONEOS_DEPLOYMENT_TARGET = 15.5;
				MARKETING_VERSION = 1.0;
				PRODUCT_BUNDLE_IDENTIFIER = "com.workman-tech.ScrumdingerTests";
				PRODUCT_NAME = "$(TARGET_NAME)";
				SWIFT_EMIT_LOC_STRINGS = NO;
				SWIFT_VERSION = 5.0;
				TARGETED_DEVICE_FAMILY = "1,2";
				TEST_HOST = "$(BUILT_PRODUCTS_DIR)/Scrumdinger.app/Scrumdinger";
			};
			name = Release;
		};
		12EDF86828CB774E007C8091 /* Debug */ = {
			isa = XCBuildConfiguration;
			buildSettings = {
				ALWAYS_EMBED_SWIFT_STANDARD_LIBRARIES = YES;
				CODE_SIGN_STYLE = Automatic;
				CURRENT_PROJECT_VERSION = 1;
				GENERATE_INFOPLIST_FILE = YES;
				MARKETING_VERSION = 1.0;
				PRODUCT_BUNDLE_IDENTIFIER = "com.workman-tech.ScrumdingerUITests";
				PRODUCT_NAME = "$(TARGET_NAME)";
				SWIFT_EMIT_LOC_STRINGS = NO;
				SWIFT_VERSION = 5.0;
				TARGETED_DEVICE_FAMILY = "1,2";
				TEST_TARGET_NAME = Scrumdinger;
			};
			name = Debug;
		};
		12EDF86928CB774E007C8091 /* Release */ = {
			isa = XCBuildConfiguration;
			buildSettings = {
				ALWAYS_EMBED_SWIFT_STANDARD_LIBRARIES = YES;
				CODE_SIGN_STYLE = Automatic;
				CURRENT_PROJECT_VERSION = 1;
				GENERATE_INFOPLIST_FILE = YES;
				MARKETING_VERSION = 1.0;
				PRODUCT_BUNDLE_IDENTIFIER = "com.workman-tech.ScrumdingerUITests";
				PRODUCT_NAME = "$(TARGET_NAME)";
				SWIFT_EMIT_LOC_STRINGS = NO;
				SWIFT_VERSION = 5.0;
				TARGETED_DEVICE_FAMILY = "1,2";
				TEST_TARGET_NAME = Scrumdinger;
			};
			name = Release;
		};
/* End XCBuildConfiguration section */

/* Begin XCConfigurationList section */
		12EDF83828CB774B007C8091 /* Build configuration list for PBXProject "Scrumdinger" */ = {
			isa = XCConfigurationList;
			buildConfigurations = (
				12EDF85F28CB774E007C8091 /* Debug */,
				12EDF86028CB774E007C8091 /* Release */,
			);
			defaultConfigurationIsVisible = 0;
			defaultConfigurationName = Release;
		};
		12EDF86128CB774E007C8091 /* Build configuration list for PBXNativeTarget "Scrumdinger" */ = {
			isa = XCConfigurationList;
			buildConfigurations = (
				12EDF86228CB774E007C8091 /* Debug */,
				12EDF86328CB774E007C8091 /* Release */,
			);
			defaultConfigurationIsVisible = 0;
			defaultConfigurationName = Release;
		};
		12EDF86428CB774E007C8091 /* Build configuration list for PBXNativeTarget "ScrumdingerTests" */ = {
			isa = XCConfigurationList;
			buildConfigurations = (
				12EDF86528CB774E007C8091 /* Debug */,
				12EDF86628CB774E007C8091 /* Release */,
			);
			defaultConfigurationIsVisible = 0;
			defaultConfigurationName = Release;
		};
		12EDF86728CB774E007C8091 /* Build configuration list for PBXNativeTarget "ScrumdingerUITests" */ = {
			isa = XCConfigurationList;
			buildConfigurations = (
				12EDF86828CB774E007C8091 /* Debug */,
				12EDF86928CB774E007C8091 /* Release */,
			);
			defaultConfigurationIsVisible = 0;
			defaultConfigurationName = Release;
		};
/* End XCConfigurationList section */
	};
	rootObject = 12EDF83528CB774B007C8091 /* Project object */;
}
